
Microsoft Visual Studio Solution File, Format Version 12.00
# Visual Studio Version 17
VisualStudioVersion = 17.6.33712.159
MinimumVisualStudioVersion = 10.0.40219.1
Project("{9A19103F-16F7-4668-BE54-9A1E7A4F7556}") = "WebsocketApi", "LinuxResourceMonitorApi\WebsocketApi.csproj", "{62D71563-924D-4B2D-8266-21857B519106}"
EndProject
Project("{9A19103F-16F7-4668-BE54-9A1E7A4F7556}") = "Client", "ConsoleApp1\Client.csproj", "{B8DDD2EA-A0A8-4220-9B43-96307A14F142}"
	ProjectSection(ProjectDependencies) = postProject
		{62D71563-924D-4B2D-8266-21857B519106} = {62D71563-924D-4B2D-8266-21857B519106}
	EndProjectSection
EndProject
Global
	GlobalSection(SolutionConfigurationPlatforms) = preSolution
		Debug|Any CPU = Debug|Any CPU
		Release|Any CPU = Release|Any CPU
	EndGlobalSection
	GlobalSection(ProjectConfigurationPlatforms) = postSolution
		{62D71563-924D-4B2D-8266-21857B519106}.Debug|Any CPU.ActiveCfg = Debug|Any CPU
		{62D71563-924D-4B2D-8266-21857B519106}.Debug|Any CPU.Build.0 = Debug|Any CPU
		{62D71563-924D-4B2D-8266-21857B519106}.Release|Any CPU.ActiveCfg = Release|Any CPU
		{62D71563-924D-4B2D-8266-21857B519106}.Release|Any CPU.Build.0 = Release|Any CPU
		{B8DDD2EA-A0A8-4220-9B43-96307A14F142}.Debug|Any CPU.ActiveCfg = Debug|Any CPU
		{B8DDD2EA-A0A8-4220-9B43-96307A14F142}.Debug|Any CPU.Build.0 = Debug|Any CPU
		{B8DDD2EA-A0A8-4220-9B43-96307A14F142}.Release|Any CPU.ActiveCfg = Release|Any CPU
		{B8DDD2EA-A0A8-4220-9B43-96307A14F142}.Release|Any CPU.Build.0 = Release|Any CPU
	EndGlobalSection
	GlobalSection(SolutionProperties) = preSolution
		HideSolutionNode = FALSE
	EndGlobalSection
	GlobalSection(ExtensibilityGlobals) = postSolution
		SolutionGuid = {9F5B5645-178C-4441-8A45-C906D82F271A}
	EndGlobalSection
EndGlobal
